
Microsoft Visual Studio Solution File, Format Version 12.00
# Visual Studio Version 17
VisualStudioVersion = 17.12.35527.113
MinimumVisualStudioVersion = 10.0.40219.1
Project("{9A19103F-16F7-4668-BE54-9A1E7A4F7556}") = "OnlineClothing", "OnlineClothing\OnlineClothing.csproj", "{87B3B7EE-E273-4732-B9DA-61E224403BDA}"
EndProject
Global
	GlobalSection(SolutionConfigurationPlatforms) = preSolution
		Debug|Any CPU = Debug|Any CPU
		Release|Any CPU = Release|Any CPU
	EndGlobalSection
	GlobalSection(ProjectConfigurationPlatforms) = postSolution
		{87B3B7EE-E273-4732-B9DA-61E224403BDA}.Debug|Any CPU.ActiveCfg = Debug|Any CPU
		{87B3B7EE-E273-4732-B9DA-61E224403BDA}.Debug|Any CPU.Build.0 = Debug|Any CPU
		{87B3B7EE-E273-4732-B9DA-61E224403BDA}.Release|Any CPU.ActiveCfg = Release|Any CPU
		{87B3B7EE-E273-4732-B9DA-61E224403BDA}.Release|Any CPU.Build.0 = Release|Any CPU
	EndGlobalSection
	GlobalSection(SolutionProperties) = preSolution
		HideSolutionNode = FALSE
	EndGlobalSection
EndGlobal
